{
  "name": "dockteacher-video-worker",
  "version": "1.0.0",
  "lockfileVersion": 3,
  "requires": true,
  "packages": {
    "": {
      "name": "dockteacher-video-worker",
      "version": "1.0.0",
      "dependencies": {
        "@aws-sdk/client-ec2": "^3.600.0",
        "@aws-sdk/client-s3": "^3.600.0",
        "@aws-sdk/client-sqs": "^3.600.0",
        "@aws-sdk/lib-storage": "^3.600.0",
        "mysql2": "^3.10.0",
        "p-limit": "^3.1.0"
      }
    },
    "node_modules/@aws-sdk/checksums": {
      "version": "3.1000.10",
      "resolved": "https://registry.npmjs.org/@aws-sdk/checksums/-/checksums-3.1000.10.tgz",
      "integrity": "sha512-OUNjNcyA8Ai2OdlRUxW5jHUf6XJmqqZk3UddL+mDiUCtXrVqdmIHHkdDFWBlBRjhore/3ZBMgRXgcS0ggtvD0Q==",
      "license": "Apache-2.0",
      "dependencies": {
        "@aws-sdk/core": "^3.974.25",
        "@aws-sdk/types": "^3.973.14",
        "@smithy/core": "^3.28.0",
        "@smithy/types": "^4.15.0",
        "tslib": "^2.6.2"
      },
      "engines": {
        "node": ">=20.0.0"
      }
    },
    "node_modules/@aws-sdk/client-ec2": {
      "version": "3.1077.0",
      "resolved": "https://registry.npmjs.org/@aws-sdk/client-ec2/-/client-ec2-3.1077.0.tgz",
      "integrity": "sha512-7q5kJbxMvCVFz0ZGabG+FY+rFosXb2p2CHH0a7S+PWVTM9FfKKYfr587N+gGSshhaxt4fS47X0YY28ccGDtpdA==",
      "license": "Apache-2.0",
      "dependencies": {
        "@aws-sdk/core": "^3.974.25",
        "@aws-sdk/credential-provider-node": "^3.972.60",
        "@aws-sdk/middleware-sdk-ec2": "^3.972.39",
        "@aws-sdk/types": "^3.973.14",
        "@smithy/core": "^3.28.0",
        "@smithy/fetch-http-handler": "^5.6.1",
        "@smithy/node-http-handler": "^4.9.1",
        "@smithy/types": "^4.15.0",
        "tslib": "^2.6.2"
      },
      "engines": {
        "node": ">=20.0.0"
      }
    },
    "node_modules/@aws-sdk/client-s3": {
      "version": "3.1077.0",
      "resolved": "https://registry.npmjs.org/@aws-sdk/client-s3/-/client-s3-3.1077.0.tgz",
      "integrity": "sha512-yWK6jOMrMUgGarXlrQaAopWXva20NaOqTPApuE68SzsBFQ57fQ5E13BKUPLwtPgymk+8L6vG/O4h7Q30IBYr2w==",
      "license": "Apache-2.0",
      "dependencies": {
        "@aws-sdk/checksums": "^3.1000.10",
        "@aws-sdk/core": "^3.974.25",
        "@aws-sdk/credential-provider-node": "^3.972.60",
        "@aws-sdk/middleware-sdk-s3": "^3.972.56",
        "@aws-sdk/signature-v4-multi-region": "^3.996.37",
        "@aws-sdk/types": "^3.973.14",
        "@smithy/core": "^3.28.0",
        "@smithy/fetch-http-handler": "^5.6.1",
        "@smithy/node-http-handler": "^4.9.1",
        "@smithy/types": "^4.15.0",
        "tslib": "^2.6.2"
      },
      "engines": {
        "node": ">=20.0.0"
      }
    },
    "node_modules/@aws-sdk/client-sqs": {
      "version": "3.1077.0",
      "resolved": "https://registry.npmjs.org/@aws-sdk/client-sqs/-/client-sqs-3.1077.0.tgz",
      "integrity": "sha512-0Va2lVrbM34lFxRmHu8DQKW8lQ5kdZKC4MxgNIvsC7s/FReOtVMzDFqQw/U6HL72NdLe045zhXxu44cTVoivBA==",
      "license": "Apache-2.0",
      "dependencies": {
        "@aws-sdk/core": "^3.974.25",
        "@aws-sdk/credential-provider-node": "^3.972.60",
        "@aws-sdk/middleware-sdk-sqs": "^3.972.33",
        "@aws-sdk/types": "^3.973.14",
        "@smithy/core": "^3.28.0",
        "@smithy/fetch-http-handler": "^5.6.1",
        "@smithy/node-http-handler": "^4.9.1",
        "@smithy/types": "^4.15.0",
        "tslib": "^2.6.2"
      },
      "engines": {
        "node": ">=20.0.0"
      }
    },
    "node_modules/@aws-sdk/core": {
      "version": "3.974.25",
      "resolved": "https://registry.npmjs.org/@aws-sdk/core/-/core-3.974.25.tgz",
      "integrity": "sha512-fJFkx6u6wCqGMV/v6EAxiwa2UzEukbvr1hNPv4MrD3yj4IFz011jZg42/eSTOP/u5kJ0tlILqEjCWtT8GiKZvA==",
      "license": "Apache-2.0",
      "dependencies": {
        "@aws-sdk/types": "^3.973.14",
        "@aws-sdk/xml-builder": "^3.972.32",
        "@aws/lambda-invoke-store": "^0.2.2",
        "@smithy/core": "^3.28.0",
        "@smithy/signature-v4": "^5.6.0",
        "@smithy/types": "^4.15.0",
        "bowser": "^2.11.0",
        "tslib": "^2.6.2"
      },
      "engines": {
        "node": ">=20.0.0"
      }
    },
    "node_modules/@aws-sdk/credential-provider-env": {
      "version": "3.972.51",
      "resolved": "https://registry.npmjs.org/@aws-sdk/credential-provider-env/-/credential-provider-env-3.972.51.tgz",
      "integrity": "sha512-Xo+/zf5k5pZdo53X8aVXN4MJGfU/M1P7yMM/GbNY/x9fyRZGEzjhKqW38GA0FSQQ9TYKs+bfPyz5ja4bi6pjTQ==",
      "license": "Apache-2.0",
      "dependencies": {
        "@aws-sdk/core": "^3.974.25",
        "@aws-sdk/types": "^3.973.14",
        "@smithy/core": "^3.28.0",
        "@smithy/types": "^4.15.0",
        "tslib": "^2.6.2"
      },
      "engines": {
        "node": ">=20.0.0"
      }
    },
    "node_modules/@aws-sdk/credential-provider-http": {
      "version": "3.972.53",
      "resolved": "https://registry.npmjs.org/@aws-sdk/credential-provider-http/-/credential-provider-http-3.972.53.tgz",
      "integrity": "sha512-7E9oFUcf9YWe+ttGiWhe/cCSI+pswwelzgQMoKXgPJi1AIfS27TK6et5ZULqEqHu30zbN+jh1RqlwcXqY/aXyg==",
      "license": "Apache-2.0",
      "dependencies": {
        "@aws-sdk/core": "^3.974.25",
        "@aws-sdk/types": "^3.973.14",
        "@smithy/core": "^3.28.0",
        "@smithy/fetch-http-handler": "^5.6.1",
        "@smithy/node-http-handler": "^4.9.1",
        "@smithy/types": "^4.15.0",
        "tslib": "^2.6.2"
      },
      "engines": {
        "node": ">=20.0.0"
      }
    },
    "node_modules/@aws-sdk/credential-provider-ini": {
      "version": "3.972.58",
      "resolved": "https://registry.npmjs.org/@aws-sdk/credential-provider-ini/-/credential-provider-ini-3.972.58.tgz",
      "integrity": "sha512-MPr0hD8pyDGfF3dWXvFOILhcKTB9ptqJOJK9JEuDQzpc2HgKisY16eR7IrKUXxSbz8LZj+LHz/CS8Y5G1ai7yw==",
      "license": "Apache-2.0",
      "dependencies": {
        "@aws-sdk/core": "^3.974.25",
        "@aws-sdk/credential-provider-env": "^3.972.51",
        "@aws-sdk/credential-provider-http": "^3.972.53",
        "@aws-sdk/credential-provider-login": "^3.972.57",
        "@aws-sdk/credential-provider-process": "^3.972.51",
        "@aws-sdk/credential-provider-sso": "^3.972.57",
        "@aws-sdk/credential-provider-web-identity": "^3.972.57",
        "@aws-sdk/nested-clients": "^3.997.25",
        "@aws-sdk/types": "^3.973.14",
        "@smithy/core": "^3.28.0",
        "@smithy/credential-provider-imds": "^4.4.4",
        "@smithy/types": "^4.15.0",
        "tslib": "^2.6.2"
      },
      "engines": {
        "node": ">=20.0.0"
      }
    },
    "node_modules/@aws-sdk/credential-provider-login": {
      "version": "3.972.57",
      "resolved": "https://registry.npmjs.org/@aws-sdk/credential-provider-login/-/credential-provider-login-3.972.57.tgz",
      "integrity": "sha512-kPWc/SCrl9agKeywxKwPEoQHanWag0LcNQrcZpEQpjNifkxq6tQENhgrrS9al317CF6yytyihlX+FhPHlk0QjA==",
      "license": "Apache-2.0",
      "dependencies": {
        "@aws-sdk/core": "^3.974.25",
        "@aws-sdk/nested-clients": "^3.997.25",
        "@aws-sdk/types": "^3.973.14",
        "@smithy/core": "^3.28.0",
        "@smithy/types": "^4.15.0",
        "tslib": "^2.6.2"
      },
      "engines": {
        "node": ">=20.0.0"
      }
    },
    "node_modules/@aws-sdk/credential-provider-node": {
      "version": "3.972.60",
      "resolved": "https://registry.npmjs.org/@aws-sdk/credential-provider-node/-/credential-provider-node-3.972.60.tgz",
      "integrity": "sha512-hE2hIBJQjCDRx8TbSqpVQ+/o2mIrJZQZbQ3LlwE2bJf7z47x5GmhcvGwZPqJH7Oq//SzTXEBGSZ4qSpK3yPbhw==",
      "license": "Apache-2.0",
      "dependencies": {
        "@aws-sdk/credential-provider-env": "^3.972.51",
        "@aws-sdk/credential-provider-http": "^3.972.53",
        "@aws-sdk/credential-provider-ini": "^3.972.58",
        "@aws-sdk/credential-provider-process": "^3.972.51",
        "@aws-sdk/credential-provider-sso": "^3.972.57",
        "@aws-sdk/credential-provider-web-identity": "^3.972.57",
        "@aws-sdk/types": "^3.973.14",
        "@smithy/core": "^3.28.0",
        "@smithy/credential-provider-imds": "^4.4.4",
        "@smithy/types": "^4.15.0",
        "tslib": "^2.6.2"
      },
      "engines": {
        "node": ">=20.0.0"
      }
    },
    "node_modules/@aws-sdk/credential-provider-process": {
      "version": "3.972.51",
      "resolved": "https://registry.npmjs.org/@aws-sdk/credential-provider-process/-/credential-provider-process-3.972.51.tgz",
      "integrity": "sha512-081dD2RlnmY+G05v6E73KfACvDjPjnttrLjGHE2SSglbID25UcuijbWpL4g+XR5T2Kl4oIJoVBXi64s+2f009Q==",
      "license": "Apache-2.0",
      "dependencies": {
        "@aws-sdk/core": "^3.974.25",
        "@aws-sdk/types": "^3.973.14",
        "@smithy/core": "^3.28.0",
        "@smithy/types": "^4.15.0",
        "tslib": "^2.6.2"
      },
      "engines": {
        "node": ">=20.0.0"
      }
    },
    "node_modules/@aws-sdk/credential-provider-sso": {
      "version": "3.972.57",
      "resolved": "https://registry.npmjs.org/@aws-sdk/credential-provider-sso/-/credential-provider-sso-3.972.57.tgz",
      "integrity": "sha512-dC7ZyX3EHKHLOeVUEDzzGvk0L1s6N06YDrau7P0rGXL/j1cO+DzN2w1x9vcEh7zljVCR3019f5mi1Th+GGTURw==",
      "license": "Apache-2.0",
      "dependencies": {
        "@aws-sdk/core": "^3.974.25",
        "@aws-sdk/nested-clients": "^3.997.25",
        "@aws-sdk/token-providers": "3.1077.0",
        "@aws-sdk/types": "^3.973.14",
        "@smithy/core": "^3.28.0",
        "@smithy/types": "^4.15.0",
        "tslib": "^2.6.2"
      },
      "engines": {
        "node": ">=20.0.0"
      }
    },
    "node_modules/@aws-sdk/credential-provider-web-identity": {
      "version": "3.972.57",
      "resolved": "https://registry.npmjs.org/@aws-sdk/credential-provider-web-identity/-/credential-provider-web-identity-3.972.57.tgz",
      "integrity": "sha512-HtWM3FV2o7NJFJSUqFLBlxmV9RxQRHpzCvQaP1n1Qo4CxQSvwpJ8ERWHiLqXMFDgDXyELt+EZNFcpG6XQRcJbQ==",
      "license": "Apache-2.0",
      "dependencies": {
        "@aws-sdk/core": "^3.974.25",
        "@aws-sdk/nested-clients": "^3.997.25",
        "@aws-sdk/types": "^3.973.14",
        "@smithy/core": "^3.28.0",
        "@smithy/types": "^4.15.0",
        "tslib": "^2.6.2"
      },
      "engines": {
        "node": ">=20.0.0"
      }
    },
    "node_modules/@aws-sdk/lib-storage": {
      "version": "3.1077.0",
      "resolved": "https://registry.npmjs.org/@aws-sdk/lib-storage/-/lib-storage-3.1077.0.tgz",
      "integrity": "sha512-WwheNNdvCqdw5Z5Uvl/XB5e3pN5Q/b4N3yDYloUsrN5EiMw21UHHDd6Bkt3cC2ALUU/7+l+TXhtx5d9DAGkiDQ==",
      "license": "Apache-2.0",
      "dependencies": {
        "@smithy/core": "^3.28.0",
        "@smithy/types": "^4.15.0",
        "buffer": "5.6.0",
        "events": "3.3.0",
        "stream-browserify": "3.0.0",
        "tslib": "^2.6.2"
      },
      "engines": {
        "node": ">=20.0.0"
      },
      "peerDependencies": {
        "@aws-sdk/client-s3": "^3.1077.0"
      }
    },
    "node_modules/@aws-sdk/middleware-sdk-ec2": {
      "version": "3.972.39",
      "resolved": "https://registry.npmjs.org/@aws-sdk/middleware-sdk-ec2/-/middleware-sdk-ec2-3.972.39.tgz",
      "integrity": "sha512-v7BUyFWuOrz6qFTnLF3JU+m4FA3B2sCeH5ZoVuJGYAJrQlp2XcxhfkKgvptwWDL8k4sQ5Yw2ezZsrXBeevcfhw==",
      "license": "Apache-2.0",
      "dependencies": {
        "@aws-sdk/core": "^3.974.25",
        "@aws-sdk/types": "^3.973.14",
        "@smithy/core": "^3.28.0",
        "@smithy/signature-v4": "^5.6.0",
        "@smithy/types": "^4.15.0",
        "tslib": "^2.6.2"
      },
      "engines": {
        "node": ">=20.0.0"
      }
    },
    "node_modules/@aws-sdk/middleware-sdk-s3": {
      "version": "3.972.56",
      "resolved": "https://registry.npmjs.org/@aws-sdk/middleware-sdk-s3/-/middleware-sdk-s3-3.972.56.tgz",
      "integrity": "sha512-VFLd7bT8ef48H2n2iDrY/w9EPpXLmC0v4NEriXy2vuTgEP/FrKqrcwi7eobhcOrdO37uLbMt5AWZlY55R2/xqg==",
      "license": "Apache-2.0",
      "dependencies": {
        "@aws-sdk/core": "^3.974.25",
        "@aws-sdk/signature-v4-multi-region": "^3.996.37",
        "@aws-sdk/types": "^3.973.14",
        "@smithy/core": "^3.28.0",
        "@smithy/types": "^4.15.0",
        "tslib": "^2.6.2"
      },
      "engines": {
        "node": ">=20.0.0"
      }
    },
    "node_modules/@aws-sdk/middleware-sdk-sqs": {
      "version": "3.972.33",
      "resolved": "https://registry.npmjs.org/@aws-sdk/middleware-sdk-sqs/-/middleware-sdk-sqs-3.972.33.tgz",
      "integrity": "sha512-yur6Whcp2Br6w+AwOpOmeuglu6nArNUy7F0eQyuJ+HV8VMVPRE2av81vK7hLLw1kF/ww5xnnNuyAvtWnSr7mEw==",
      "license": "Apache-2.0",
      "dependencies": {
        "@aws-sdk/types": "^3.973.14",
        "@smithy/core": "^3.28.0",
        "@smithy/types": "^4.15.0",
        "tslib": "^2.6.2"
      },
      "engines": {
        "node": ">=20.0.0"
      }
    },
    "node_modules/@aws-sdk/nested-clients": {
      "version": "3.997.25",
      "resolved": "https://registry.npmjs.org/@aws-sdk/nested-clients/-/nested-clients-3.997.25.tgz",
      "integrity": "sha512-VpRQ3wR6l+fwRHV5veJL2ehtyQFrGyH/2CJG9DVtb8H3xyqqnZWSTSrq/CJJ7DvDlDgrPRiW2SkYA8pN6VWCFQ==",
      "license": "Apache-2.0",
      "dependencies": {
        "@aws-sdk/core": "^3.974.25",
        "@aws-sdk/signature-v4-multi-region": "^3.996.37",
        "@aws-sdk/types": "^3.973.14",
        "@smithy/core": "^3.28.0",
        "@smithy/fetch-http-handler": "^5.6.1",
        "@smithy/node-http-handler": "^4.9.1",
        "@smithy/types": "^4.15.0",
        "tslib": "^2.6.2"
      },
      "engines": {
        "node": ">=20.0.0"
      }
    },
    "node_modules/@aws-sdk/signature-v4-multi-region": {
      "version": "3.996.37",
      "resolved": "https://registry.npmjs.org/@aws-sdk/signature-v4-multi-region/-/signature-v4-multi-region-3.996.37.tgz",
      "integrity": "sha512-u8qd064XsHzM0Mk+yH4IPKn/ZC9rdniEKs+neBHNlsPZirw3rcLvmrH4ImoKC4yF7A0I/MbcC3dseARnJLiAhg==",
      "license": "Apache-2.0",
      "dependencies": {
        "@aws-sdk/types": "^3.973.14",
        "@smithy/signature-v4": "^5.6.0",
        "@smithy/types": "^4.15.0",
        "tslib": "^2.6.2"
      },
      "engines": {
        "node": ">=20.0.0"
      }
    },
    "node_modules/@aws-sdk/token-providers": {
      "version": "3.1077.0",
      "resolved": "https://registry.npmjs.org/@aws-sdk/token-providers/-/token-providers-3.1077.0.tgz",
      "integrity": "sha512-sRUkfZ3fpOco95jZHsQUQiXvuIVLvCmWVclFg6dRFDyfsYs6Pdr/NuZ2+yJxeHN+6WAfDh2aZ8nlZntnvuhZUQ==",
      "license": "Apache-2.0",
      "dependencies": {
        "@aws-sdk/core": "^3.974.25",
        "@aws-sdk/nested-clients": "^3.997.25",
        "@aws-sdk/types": "^3.973.14",
        "@smithy/core": "^3.28.0",
        "@smithy/types": "^4.15.0",
        "tslib": "^2.6.2"
      },
      "engines": {
        "node": ">=20.0.0"
      }
    },
    "node_modules/@aws-sdk/types": {
      "version": "3.973.14",
      "resolved": "https://registry.npmjs.org/@aws-sdk/types/-/types-3.973.14.tgz",
      "integrity": "sha512-vH4pEu9YBEwr67yT+GVcmKX0GzfIrIYUn+MF5vXg9OspouVnAekuyVyawFvZHEK7WlcwVDwNrqI3ZBDUAiyu9A==",
      "license": "Apache-2.0",
      "dependencies": {
        "@smithy/types": "^4.15.0",
        "tslib": "^2.6.2"
      },
      "engines": {
        "node": ">=20.0.0"
      }
    },
    "node_modules/@aws-sdk/xml-builder": {
      "version": "3.972.32",
      "resolved": "https://registry.npmjs.org/@aws-sdk/xml-builder/-/xml-builder-3.972.32.tgz",
      "integrity": "sha512-2loKuOMRFDg1nwdni5AtJ9S5juVbRNPNsPC7tWTfkHyycPwACMhxepspUHi8GhvfNlL2cQo3sPMod1uib+KZ0w==",
      "license": "Apache-2.0",
      "dependencies": {
        "@smithy/types": "^4.15.0",
        "tslib": "^2.6.2"
      },
      "engines": {
        "node": ">=20.0.0"
      }
    },
    "node_modules/@aws/lambda-invoke-store": {
      "version": "0.2.4",
      "resolved": "https://registry.npmjs.org/@aws/lambda-invoke-store/-/lambda-invoke-store-0.2.4.tgz",
      "integrity": "sha512-iY8yvjE0y651BixKNPgmv1WrQc+GZ142sb0z4gYnChDDY2YqI4P/jsSopBWrKfAt7LOJAkOXt7rC/hms+WclQQ==",
      "license": "Apache-2.0",
      "engines": {
        "node": ">=18.0.0"
      }
    },
    "node_modules/@smithy/core": {
      "version": "3.28.0",
      "resolved": "https://registry.npmjs.org/@smithy/core/-/core-3.28.0.tgz",
      "integrity": "sha512-N/LoLG8pZ1zv5cIWpdF6vmSjtZtXKK9G0OqT5yYCOZU+CzPq1+nYA95VoKJBGWRScs7YbMugZ7lZx8Fj1vdHoA==",
      "license": "Apache-2.0",
      "dependencies": {
        "@smithy/types": "^4.15.0",
        "tslib": "^2.6.2"
      },
      "engines": {
        "node": ">=18.0.0"
      }
    },
    "node_modules/@smithy/credential-provider-imds": {
      "version": "4.4.4",
      "resolved": "https://registry.npmjs.org/@smithy/credential-provider-imds/-/credential-provider-imds-4.4.4.tgz",
      "integrity": "sha512-jT0WrDaM88L5na9FX1xRNywCS3B1n75wPY5Ksasjo0PHUtuI7d8FclksN1BbOSYTiaiKxUDqU23nUymH/V+AaQ==",
      "license": "Apache-2.0",
      "dependencies": {
        "@smithy/core": "^3.28.0",
        "@smithy/types": "^4.15.0",
        "tslib": "^2.6.2"
      },
      "engines": {
        "node": ">=18.0.0"
      }
    },
    "node_modules/@smithy/fetch-http-handler": {
      "version": "5.6.1",
      "resolved": "https://registry.npmjs.org/@smithy/fetch-http-handler/-/fetch-http-handler-5.6.1.tgz",
      "integrity": "sha512-fW6l9rWoyk1iyzfuZaERnZLNjB6WIojgGm6Bo9Hpfpy3RUpltjLikNlxTsS/YtxVobcfbCGBuAncREYqT4hvqQ==",
      "license": "Apache-2.0",
      "dependencies": {
        "@smithy/core": "^3.28.0",
        "@smithy/types": "^4.15.0",
        "tslib": "^2.6.2"
      },
      "engines": {
        "node": ">=18.0.0"
      }
    },
    "node_modules/@smithy/node-http-handler": {
      "version": "4.9.1",
      "resolved": "https://registry.npmjs.org/@smithy/node-http-handler/-/node-http-handler-4.9.1.tgz",
      "integrity": "sha512-m/f15di58P6NtLQ7eVEb5N19NdJWn+4c7zfkFHMT/i3JH7U8UtknpPoy8o2tm2R3OdliYvsvQhZHIfACQDqT+Q==",
      "license": "Apache-2.0",
      "dependencies": {
        "@smithy/core": "^3.28.0",
        "@smithy/types": "^4.15.0",
        "tslib": "^2.6.2"
      },
      "engines": {
        "node": ">=18.0.0"
      }
    },
    "node_modules/@smithy/signature-v4": {
      "version": "5.6.0",
      "resolved": "https://registry.npmjs.org/@smithy/signature-v4/-/signature-v4-5.6.0.tgz",
      "integrity": "sha512-IkPHQdbyoebSwBCuMTzJ/2oIhKVqiZZAZxQYSlpDZqq/WhJUpmdgbHvP7ItddxsPzcDUJeI0V4PNMSNtlZ0aqA==",
      "license": "Apache-2.0",
      "dependencies": {
        "@smithy/core": "^3.28.0",
        "@smithy/types": "^4.15.0",
        "tslib": "^2.6.2"
      },
      "engines": {
        "node": ">=18.0.0"
      }
    },
    "node_modules/@smithy/types": {
      "version": "4.15.0",
      "resolved": "https://registry.npmjs.org/@smithy/types/-/types-4.15.0.tgz",
      "integrity": "sha512-Z5TAOxygoFvybJV3igo5SloFflSokHx2hu1eFA+DxDTcn+FtKxUSui+rbTRG1pAafMA888Z3MVvCWUuvCrTXjg==",
      "license": "Apache-2.0",
      "dependencies": {
        "tslib": "^2.6.2"
      },
      "engines": {
        "node": ">=18.0.0"
      }
    },
    "node_modules/@types/node": {
      "version": "26.0.1",
      "resolved": "https://registry.npmjs.org/@types/node/-/node-26.0.1.tgz",
      "integrity": "sha512-fc3KiUoBt6kie0N9bIW3E47vZsuaMf0PM2AaUpLCLT0s/LvX1nxAim6Fc049cNxODPpGm6qRAuUOB86SkRuPQw==",
      "license": "MIT",
      "peer": true,
      "dependencies": {
        "undici-types": "~8.3.0"
      }
    },
    "node_modules/aws-ssl-profiles": {
      "version": "1.1.2",
      "resolved": "https://registry.npmjs.org/aws-ssl-profiles/-/aws-ssl-profiles-1.1.2.tgz",
      "integrity": "sha512-NZKeq9AfyQvEeNlN0zSYAaWrmBffJh3IELMZfRpJVWgrpEbtEpnjvzqBPf+mxoI287JohRDoa+/nsfqqiZmF6g==",
      "license": "MIT",
      "engines": {
        "node": ">= 6.0.0"
      }
    },
    "node_modules/base64-js": {
      "version": "1.5.1",
      "resolved": "https://registry.npmjs.org/base64-js/-/base64-js-1.5.1.tgz",
      "integrity": "sha512-AKpaYlHn8t4SVbOHCy+b5+KKgvR4vrsD8vbvrbiQJps7fKDTkjkDry6ji0rUJjC0kzbNePLwzxq8iypo41qeWA==",
      "funding": [
        {
          "type": "github",
          "url": "https://github.com/sponsors/feross"
        },
        {
          "type": "patreon",
          "url": "https://www.patreon.com/feross"
        },
        {
          "type": "consulting",
          "url": "https://feross.org/support"
        }
      ],
      "license": "MIT"
    },
    "node_modules/bowser": {
      "version": "2.14.1",
      "resolved": "https://registry.npmjs.org/bowser/-/bowser-2.14.1.tgz",
      "integrity": "sha512-tzPjzCxygAKWFOJP011oxFHs57HzIhOEracIgAePE4pqB3LikALKnSzUyU4MGs9/iCEUuHlAJTjTc5M+u7YEGg==",
      "license": "MIT"
    },
    "node_modules/buffer": {
      "version": "5.6.0",
      "resolved": "https://registry.npmjs.org/buffer/-/buffer-5.6.0.tgz",
      "integrity": "sha512-/gDYp/UtU0eA1ys8bOs9J6a+E/KWIY+DZ+Q2WESNUA0jFRsJOc0SNUO6xJ5SGA1xueg3NL65W6s+NY5l9cunuw==",
      "license": "MIT",
      "dependencies": {
        "base64-js": "^1.0.2",
        "ieee754": "^1.1.4"
      }
    },
    "node_modules/denque": {
      "version": "2.1.0",
      "resolved": "https://registry.npmjs.org/denque/-/denque-2.1.0.tgz",
      "integrity": "sha512-HVQE3AAb/pxF8fQAoiqpvg9i3evqug3hoiwakOyZAwJm+6vZehbkYXZ0l4JxS+I3QxM97v5aaRNhj8v5oBhekw==",
      "license": "Apache-2.0",
      "engines": {
        "node": ">=0.10"
      }
    },
    "node_modules/events": {
      "version": "3.3.0",
      "resolved": "https://registry.npmjs.org/events/-/events-3.3.0.tgz",
      "integrity": "sha512-mQw+2fkQbALzQ7V0MY0IqdnXNOeTtP4r0lN9z7AAawCXgqea7bDii20AYrIBrFd/Hx0M2Ocz6S111CaFkUcb0Q==",
      "license": "MIT",
      "engines": {
        "node": ">=0.8.x"
      }
    },
    "node_modules/generate-function": {
      "version": "2.3.1",
      "resolved": "https://registry.npmjs.org/generate-function/-/generate-function-2.3.1.tgz",
      "integrity": "sha512-eeB5GfMNeevm/GRYq20ShmsaGcmI81kIX2K9XQx5miC8KdHaC6Jm0qQ8ZNeGOi7wYB8OsdxKs+Y2oVuTFuVwKQ==",
      "license": "MIT",
      "dependencies": {
        "is-property": "^1.0.2"
      }
    },
    "node_modules/iconv-lite": {
      "version": "0.7.2",
      "resolved": "https://registry.npmjs.org/iconv-lite/-/iconv-lite-0.7.2.tgz",
      "integrity": "sha512-im9DjEDQ55s9fL4EYzOAv0yMqmMBSZp6G0VvFyTMPKWxiSBHUj9NW/qqLmXUwXrrM7AvqSlTCfvqRb0cM8yYqw==",
      "license": "MIT",
      "dependencies": {
        "safer-buffer": ">= 2.1.2 < 3.0.0"
      },
      "engines": {
        "node": ">=0.10.0"
      },
      "funding": {
        "type": "opencollective",
        "url": "https://opencollective.com/express"
      }
    },
    "node_modules/ieee754": {
      "version": "1.2.1",
      "resolved": "https://registry.npmjs.org/ieee754/-/ieee754-1.2.1.tgz",
      "integrity": "sha512-dcyqhDvX1C46lXZcVqCpK+FtMRQVdIMN6/Df5js2zouUsqG7I6sFxitIC+7KYK29KdXOLHdu9zL4sFnoVQnqaA==",
      "funding": [
        {
          "type": "github",
          "url": "https://github.com/sponsors/feross"
        },
        {
          "type": "patreon",
          "url": "https://www.patreon.com/feross"
        },
        {
          "type": "consulting",
          "url": "https://feross.org/support"
        }
      ],
      "license": "BSD-3-Clause"
    },
    "node_modules/inherits": {
      "version": "2.0.4",
      "resolved": "https://registry.npmjs.org/inherits/-/inherits-2.0.4.tgz",
      "integrity": "sha512-k/vGaX4/Yla3WzyMCvTQOXYeIHvqOKtnqBduzTHpzpQZzAskKMhZ2K+EnBiSM9zGSoIFeMpXKxa4dYeZIQqewQ==",
      "license": "ISC"
    },
    "node_modules/is-property": {
      "version": "1.0.2",
      "resolved": "https://registry.npmjs.org/is-property/-/is-property-1.0.2.tgz",
      "integrity": "sha512-Ks/IoX00TtClbGQr4TWXemAnktAQvYB7HzcCxDGqEZU6oCmb2INHuOoKxbtR+HFkmYWBKv/dOZtGRiAjDhj92g==",
      "license": "MIT"
    },
    "node_modules/long": {
      "version": "5.3.2",
      "resolved": "https://registry.npmjs.org/long/-/long-5.3.2.tgz",
      "integrity": "sha512-mNAgZ1GmyNhD7AuqnTG3/VQ26o760+ZYBPKjPvugO8+nLbYfX6TVpJPseBvopbdY+qpZ/lKUnmEc1LeZYS3QAA==",
      "license": "Apache-2.0"
    },
    "node_modules/lru.min": {
      "version": "1.1.4",
      "resolved": "https://registry.npmjs.org/lru.min/-/lru.min-1.1.4.tgz",
      "integrity": "sha512-DqC6n3QQ77zdFpCMASA1a3Jlb64Hv2N2DciFGkO/4L9+q/IpIAuRlKOvCXabtRW6cQf8usbmM6BE/TOPysCdIA==",
      "license": "MIT",
      "engines": {
        "bun": ">=1.0.0",
        "deno": ">=1.30.0",
        "node": ">=8.0.0"
      },
      "funding": {
        "type": "github",
        "url": "https://github.com/sponsors/wellwelwel"
      }
    },
    "node_modules/mysql2": {
      "version": "3.22.5",
      "resolved": "https://registry.npmjs.org/mysql2/-/mysql2-3.22.5.tgz",
      "integrity": "sha512-95uZ2TrPWAZdwpB3vvvDbmEMcNG8yIeNCyu6GUcr/QnWEE/wXm7+mhOCsdQfWQDTV7qYT/PDUZ4U4UPP4AsXqQ==",
      "license": "MIT",
      "dependencies": {
        "aws-ssl-profiles": "^1.1.2",
        "denque": "^2.1.0",
        "generate-function": "^2.3.1",
        "iconv-lite": "^0.7.2",
        "long": "^5.3.2",
        "lru.min": "^1.1.4",
        "named-placeholders": "^1.1.6",
        "sql-escaper": "^1.3.3"
      },
      "engines": {
        "node": ">= 8.0"
      },
      "peerDependencies": {
        "@types/node": ">= 8"
      }
    },
    "node_modules/named-placeholders": {
      "version": "1.1.6",
      "resolved": "https://registry.npmjs.org/named-placeholders/-/named-placeholders-1.1.6.tgz",
      "integrity": "sha512-Tz09sEL2EEuv5fFowm419c1+a/jSMiBjI9gHxVLrVdbUkkNUUfjsVYs9pVZu5oCon/kmRh9TfLEObFtkVxmY0w==",
      "license": "MIT",
      "dependencies": {
        "lru.min": "^1.1.0"
      },
      "engines": {
        "node": ">=8.0.0"
      }
    },
    "node_modules/p-limit": {
      "version": "3.1.0",
      "resolved": "https://registry.npmjs.org/p-limit/-/p-limit-3.1.0.tgz",
      "integrity": "sha512-TYOanM3wGwNGsZN2cVTYPArw454xnXj5qmWF1bEoAc4+cU/ol7GVh7odevjp1FNHduHc3KZMcFduxU5Xc6uJRQ==",
      "license": "MIT",
      "dependencies": {
        "yocto-queue": "^0.1.0"
      },
      "engines": {
        "node": ">=10"
      },
      "funding": {
        "url": "https://github.com/sponsors/sindresorhus"
      }
    },
    "node_modules/readable-stream": {
      "version": "3.6.2",
      "resolved": "https://registry.npmjs.org/readable-stream/-/readable-stream-3.6.2.tgz",
      "integrity": "sha512-9u/sniCrY3D5WdsERHzHE4G2YCXqoG5FTHUiCC4SIbr6XcLZBY05ya9EKjYek9O5xOAwjGq+1JdGBAS7Q9ScoA==",
      "license": "MIT",
      "dependencies": {
        "inherits": "^2.0.3",
        "string_decoder": "^1.1.1",
        "util-deprecate": "^1.0.1"
      },
      "engines": {
        "node": ">= 6"
      }
    },
    "node_modules/safe-buffer": {
      "version": "5.2.1",
      "resolved": "https://registry.npmjs.org/safe-buffer/-/safe-buffer-5.2.1.tgz",
      "integrity": "sha512-rp3So07KcdmmKbGvgaNxQSJr7bGVSVk5S9Eq1F+ppbRo70+YeaDxkw5Dd8NPN+GD6bjnYm2VuPuCXmpuYvmCXQ==",
      "funding": [
        {
          "type": "github",
          "url": "https://github.com/sponsors/feross"
        },
        {
          "type": "patreon",
          "url": "https://www.patreon.com/feross"
        },
        {
          "type": "consulting",
          "url": "https://feross.org/support"
        }
      ],
      "license": "MIT"
    },
    "node_modules/safer-buffer": {
      "version": "2.1.2",
      "resolved": "https://registry.npmjs.org/safer-buffer/-/safer-buffer-2.1.2.tgz",
      "integrity": "sha512-YZo3K82SD7Riyi0E1EQPojLz7kpepnSQI9IyPbHHg1XXXevb5dJI7tpyN2ADxGcQbHG7vcyRHk0cbwqcQriUtg==",
      "license": "MIT"
    },
    "node_modules/sql-escaper": {
      "version": "1.3.3",
      "resolved": "https://registry.npmjs.org/sql-escaper/-/sql-escaper-1.3.3.tgz",
      "integrity": "sha512-BsTCV265VpTp8tm1wyIm1xqQCS+Q9NHx2Sr+WcnUrgLrQ6yiDIvHYJV5gHxsj1lMBy2zm5twLaZao8Jd+S8JJw==",
      "license": "MIT",
      "engines": {
        "bun": ">=1.0.0",
        "deno": ">=2.0.0",
        "node": ">=12.0.0"
      },
      "funding": {
        "type": "github",
        "url": "https://github.com/mysqljs/sql-escaper?sponsor=1"
      }
    },
    "node_modules/stream-browserify": {
      "version": "3.0.0",
      "resolved": "https://registry.npmjs.org/stream-browserify/-/stream-browserify-3.0.0.tgz",
      "integrity": "sha512-H73RAHsVBapbim0tU2JwwOiXUj+fikfiaoYAKHF3VJfA0pe2BCzkhAHBlLG6REzE+2WNZcxOXjK7lkso+9euLA==",
      "license": "MIT",
      "dependencies": {
        "inherits": "~2.0.4",
        "readable-stream": "^3.5.0"
      }
    },
    "node_modules/string_decoder": {
      "version": "1.3.0",
      "resolved": "https://registry.npmjs.org/string_decoder/-/string_decoder-1.3.0.tgz",
      "integrity": "sha512-hkRX8U1WjJFd8LsDJ2yQ/wWWxaopEsABU1XfkM8A+j0+85JAGppt16cr1Whg6KIbb4okU6Mql6BOj+uup/wKeA==",
      "license": "MIT",
      "dependencies": {
        "safe-buffer": "~5.2.0"
      }
    },
    "node_modules/tslib": {
      "version": "2.8.1",
      "resolved": "https://registry.npmjs.org/tslib/-/tslib-2.8.1.tgz",
      "integrity": "sha512-oJFu94HQb+KVduSUQL7wnpmqnfmLsOA/nAh6b6EH0wCEoK0/mPeXU6c3wKDV83MkOuHPRHtSXKKU99IBazS/2w==",
      "license": "0BSD"
    },
    "node_modules/undici-types": {
      "version": "8.3.0",
      "resolved": "https://registry.npmjs.org/undici-types/-/undici-types-8.3.0.tgz",
      "integrity": "sha512-j375ScV60dom+YkPFIfTLcOiPxkN/buHz5GobjLhixFuANaNs3C9l4GmrWqejgXWJ7BbJcFYpTEUkS1Ge8bpZQ==",
      "license": "MIT",
      "peer": true
    },
    "node_modules/util-deprecate": {
      "version": "1.0.2",
      "resolved": "https://registry.npmjs.org/util-deprecate/-/util-deprecate-1.0.2.tgz",
      "integrity": "sha512-EPD5q1uXyFxJpCrLnCc1nHnq3gOa6DZBocAIiI2TaSCA7VCJ1UJDMagCzIkXNsUYfD1daK//LTEQ8xiIbrHtcw==",
      "license": "MIT"
    },
    "node_modules/yocto-queue": {
      "version": "0.1.0",
      "resolved": "https://registry.npmjs.org/yocto-queue/-/yocto-queue-0.1.0.tgz",
      "integrity": "sha512-rVksvsnNCdJ/ohGc6xgPwyN8eheCxsiLM8mxuE/t/mOVqJewPuO1miLpTHQiRgTKCLexL4MeAFVagts7HmNZ2Q==",
      "license": "MIT",
      "engines": {
        "node": ">=10"
      },
      "funding": {
        "url": "https://github.com/sponsors/sindresorhus"
      }
    }
  }
}
